
Microsoft Visual Studio Solution File, Format Version 12.00
# Visual Studio 2017
Project("{FAE04EC0-301F-11D3-BF4B-00C04F79EFBC}") = "BSWImmersathon", "BSWImmersathon.csproj", "{C3096B1F-4573-FDDC-8AB7-575F001AAEBE}"
EndProject
Project("{FAE04EC0-301F-11D3-BF4B-00C04F79EFBC}") = "BSWImmersathon.Editor", "BSWImmersathon.Editor.csproj", "{398BA675-454C-2A0F-AD2C-64AAE877EE51}"
EndProject
Global
	GlobalSection(SolutionConfigurationPlatforms) = preSolution
		Debug|Any CPU = Debug|Any CPU
		Release|Any CPU = Release|Any CPU
	EndGlobalSection
	GlobalSection(ProjectConfigurationPlatforms) = postSolution
		{C3096B1F-4573-FDDC-8AB7-575F001AAEBE}.Debug|Any CPU.ActiveCfg = Debug|Any CPU
		{C3096B1F-4573-FDDC-8AB7-575F001AAEBE}.Debug|Any CPU.Build.0 = Debug|Any CPU
		{C3096B1F-4573-FDDC-8AB7-575F001AAEBE}.Release|Any CPU.ActiveCfg = Release|Any CPU
		{C3096B1F-4573-FDDC-8AB7-575F001AAEBE}.Release|Any CPU.Build.0 = Release|Any CPU
		{398BA675-454C-2A0F-AD2C-64AAE877EE51}.Debug|Any CPU.ActiveCfg = Debug|Any CPU
		{398BA675-454C-2A0F-AD2C-64AAE877EE51}.Debug|Any CPU.Build.0 = Debug|Any CPU
		{398BA675-454C-2A0F-AD2C-64AAE877EE51}.Release|Any CPU.ActiveCfg = Release|Any CPU
		{398BA675-454C-2A0F-AD2C-64AAE877EE51}.Release|Any CPU.Build.0 = Release|Any CPU
	EndGlobalSection
	GlobalSection(SolutionProperties) = preSolution
		HideSolutionNode = FALSE
	EndGlobalSection
EndGlobal
