
Microsoft Visual Studio Solution File, Format Version 11.00
# Visual Studio 2010
Project("{FAE04EC0-301F-11D3-BF4B-00C04F79EFBC}") = "BSWImmersathon", "Assembly-CSharp.csproj", "{63B18555-293E-1811-B7E0-A76F2153BA65}"
EndProject
Project("{FAE04EC0-301F-11D3-BF4B-00C04F79EFBC}") = "BSWImmersathon", "Assembly-CSharp-Editor.csproj", "{311CBAE8-8D4D-E6F4-C6C4-F1C020C6D7B2}"
EndProject
Global
	GlobalSection(SolutionConfigurationPlatforms) = preSolution
		Debug|Any CPU = Debug|Any CPU
		Release|Any CPU = Release|Any CPU
	EndGlobalSection
	GlobalSection(ProjectConfigurationPlatforms) = postSolution
		{63B18555-293E-1811-B7E0-A76F2153BA65}.Debug|Any CPU.ActiveCfg = Debug|Any CPU
		{63B18555-293E-1811-B7E0-A76F2153BA65}.Debug|Any CPU.Build.0 = Debug|Any CPU
		{63B18555-293E-1811-B7E0-A76F2153BA65}.Release|Any CPU.ActiveCfg = Release|Any CPU
		{63B18555-293E-1811-B7E0-A76F2153BA65}.Release|Any CPU.Build.0 = Release|Any CPU
		{311CBAE8-8D4D-E6F4-C6C4-F1C020C6D7B2}.Debug|Any CPU.ActiveCfg = Debug|Any CPU
		{311CBAE8-8D4D-E6F4-C6C4-F1C020C6D7B2}.Debug|Any CPU.Build.0 = Debug|Any CPU
		{311CBAE8-8D4D-E6F4-C6C4-F1C020C6D7B2}.Release|Any CPU.ActiveCfg = Release|Any CPU
		{311CBAE8-8D4D-E6F4-C6C4-F1C020C6D7B2}.Release|Any CPU.Build.0 = Release|Any CPU
	EndGlobalSection
	GlobalSection(SolutionProperties) = preSolution
		HideSolutionNode = FALSE
	EndGlobalSection
	GlobalSection(MonoDevelopProperties) = preSolution
		StartupItem = Assembly-CSharp.csproj
	EndGlobalSection
EndGlobal
